// !$*UTF8*$!
{
	archiveVersion = 1;
	classes = {
	};
	objectVersion = 46;
	objects = {

/* Begin PBXBuildFile section */
		4473E09419EDA9EE003DA3CB /* main.cpp in Sources */ = {isa = PBXBuildFile; fileRef = 4473E09319EDA9EE003DA3CB /* main.cpp */; };
		4473E09C19EDAC8E003DA3CB /* reverse_string.c in Sources */ = {isa = PBXBuildFile; fileRef = 4473E09A19EDAC8E003DA3CB /* reverse_string.c */; };
		4473E09F19F5866E003DA3CB /* escape_space_chars.cpp in Sources */ = {isa = PBXBuildFile; fileRef = 4473E09D19F5866E003DA3CB /* escape_space_chars.cpp */; };
		4473E0A219F6BB73003DA3CB /* chars_all_unique.cpp in Sources */ = {isa = PBXBuildFile; fileRef = 4473E0A019F6BB73003DA3CB /* chars_all_unique.cpp */; };
		4473E0A519F6C5B7003DA3CB /* is_permutation.cpp in Sources */ = {isa = PBXBuildFile; fileRef = 4473E0A319F6C5B7003DA3CB /* is_permutation.cpp */; };
		4473E0A919F6E9B2003DA3CB /* is_rotation.cpp in Sources */ = {isa = PBXBuildFile; fileRef = 4473E0A719F6E9B2003DA3CB /* is_rotation.cpp */; };
		4499BE8C19F95190007C04BA /* rotate_image.cpp in Sources */ = {isa = PBXBuildFile; fileRef = 4499BE8A19F95190007C04BA /* rotate_image.cpp */; };
		4499BE8F19F9CEEB007C04BA /* zeroify_matrix.cpp in Sources */ = {isa = PBXBuildFile; fileRef = 4499BE8D19F9CEEB007C04BA /* zeroify_matrix.cpp */; };
		44A4406519F735E200EF6D3C /* naive_compression.cpp in Sources */ = {isa = PBXBuildFile; fileRef = 44A4406319F735E200EF6D3C /* naive_compression.cpp */; };
		44BBD90E1A01A81B006D0CF6 /* chapter1.cpp in Sources */ = {isa = PBXBuildFile; fileRef = 44BBD90D1A01A81B006D0CF6 /* chapter1.cpp */; };
		44BBD9111A01A8B4006D0CF6 /* chapter2.cpp in Sources */ = {isa = PBXBuildFile; fileRef = 44BBD90F1A01A8B4006D0CF6 /* chapter2.cpp */; };
		44BBD9141A0434FB006D0CF6 /* chapter3.cpp in Sources */ = {isa = PBXBuildFile; fileRef = 44BBD9121A0434FB006D0CF6 /* chapter3.cpp */; };
		44BE3EE519FDDDF30026F488 /* list.cpp in Sources */ = {isa = PBXBuildFile; fileRef = 44BE3EE319FDDDF30026F488 /* list.cpp */; };
		44F798191BD05DF70094ADD4 /* LargestWordRectangleFinder.cpp in Sources */ = {isa = PBXBuildFile; fileRef = 44F798171BD05DF70094ADD4 /* LargestWordRectangleFinder.cpp */; settings = {ASSET_TAGS = (); }; };
/* End PBXBuildFile section */

/* Begin PBXCopyFilesBuildPhase section */
		4473E08E19EDA9EE003DA3CB /* CopyFiles */ = {
			isa = PBXCopyFilesBuildPhase;
			buildActionMask = 2147483647;
			dstPath = /usr/share/man/man1/;
			dstSubfolderSpec = 0;
			files = (
			);
			runOnlyForDeploymentPostprocessing = 1;
		};
/* End PBXCopyFilesBuildPhase section */

/* Begin PBXFileReference section */
		4473E09019EDA9EE003DA3CB /* CPP_Playground */ = {isa = PBXFileReference; explicitFileType = "compiled.mach-o.executable"; includeInIndex = 0; path = CPP_Playground; sourceTree = BUILT_PRODUCTS_DIR; };
		4473E09319EDA9EE003DA3CB /* main.cpp */ = {isa = PBXFileReference; lastKnownFileType = sourcecode.cpp.cpp; path = main.cpp; sourceTree = "<group>"; };
		4473E09A19EDAC8E003DA3CB /* reverse_string.c */ = {isa = PBXFileReference; fileEncoding = 4; lastKnownFileType = sourcecode.c.c; path = reverse_string.c; sourceTree = "<group>"; };
		4473E09B19EDAC8E003DA3CB /* reverse_string.h */ = {isa = PBXFileReference; fileEncoding = 4; lastKnownFileType = sourcecode.c.h; path = reverse_string.h; sourceTree = "<group>"; };
		4473E09D19F5866E003DA3CB /* escape_space_chars.cpp */ = {isa = PBXFileReference; fileEncoding = 4; lastKnownFileType = sourcecode.cpp.cpp; path = escape_space_chars.cpp; sourceTree = "<group>"; };
		4473E09E19F5866E003DA3CB /* escape_space_chars.h */ = {isa = PBXFileReference; fileEncoding = 4; lastKnownFileType = sourcecode.c.h; path = escape_space_chars.h; sourceTree = "<group>"; };
		4473E0A019F6BB73003DA3CB /* chars_all_unique.cpp */ = {isa = PBXFileReference; fileEncoding = 4; lastKnownFileType = sourcecode.cpp.cpp; path = chars_all_unique.cpp; sourceTree = "<group>"; };
		4473E0A119F6BB73003DA3CB /* chars_all_unique.h */ = {isa = PBXFileReference; fileEncoding = 4; lastKnownFileType = sourcecode.c.h; path = chars_all_unique.h; sourceTree = "<group>"; };
		4473E0A319F6C5B7003DA3CB /* is_permutation.cpp */ = {isa = PBXFileReference; fileEncoding = 4; lastKnownFileType = sourcecode.cpp.cpp; path = is_permutation.cpp; sourceTree = "<group>"; };
		4473E0A419F6C5B7003DA3CB /* is_permutation.h */ = {isa = PBXFileReference; fileEncoding = 4; lastKnownFileType = sourcecode.c.h; path = is_permutation.h; sourceTree = "<group>"; };
		4473E0A619F6E92B003DA3CB /* chapter1.h */ = {isa = PBXFileReference; lastKnownFileType = sourcecode.c.h; path = chapter1.h; sourceTree = "<group>"; };
		4473E0A719F6E9B2003DA3CB /* is_rotation.cpp */ = {isa = PBXFileReference; fileEncoding = 4; lastKnownFileType = sourcecode.cpp.cpp; path = is_rotation.cpp; sourceTree = "<group>"; };
		4473E0A819F6E9B2003DA3CB /* is_rotation.h */ = {isa = PBXFileReference; fileEncoding = 4; lastKnownFileType = sourcecode.c.h; path = is_rotation.h; sourceTree = "<group>"; };
		4499BE8A19F95190007C04BA /* rotate_image.cpp */ = {isa = PBXFileReference; fileEncoding = 4; lastKnownFileType = sourcecode.cpp.cpp; path = rotate_image.cpp; sourceTree = "<group>"; };
		4499BE8B19F95190007C04BA /* rotate_image.h */ = {isa = PBXFileReference; fileEncoding = 4; lastKnownFileType = sourcecode.c.h; path = rotate_image.h; sourceTree = "<group>"; };
		4499BE8D19F9CEEB007C04BA /* zeroify_matrix.cpp */ = {isa = PBXFileReference; fileEncoding = 4; lastKnownFileType = sourcecode.cpp.cpp; path = zeroify_matrix.cpp; sourceTree = "<group>"; };
		4499BE8E19F9CEEB007C04BA /* zeroify_matrix.h */ = {isa = PBXFileReference; fileEncoding = 4; lastKnownFileType = sourcecode.c.h; path = zeroify_matrix.h; sourceTree = "<group>"; };
		44A4406319F735E200EF6D3C /* naive_compression.cpp */ = {isa = PBXFileReference; fileEncoding = 4; lastKnownFileType = sourcecode.cpp.cpp; path = naive_compression.cpp; sourceTree = "<group>"; };
		44A4406419F735E200EF6D3C /* naive_compression.h */ = {isa = PBXFileReference; fileEncoding = 4; lastKnownFileType = sourcecode.c.h; path = naive_compression.h; sourceTree = "<group>"; };
		44BBD90D1A01A81B006D0CF6 /* chapter1.cpp */ = {isa = PBXFileReference; fileEncoding = 4; lastKnownFileType = sourcecode.cpp.cpp; path = chapter1.cpp; sourceTree = "<group>"; };
		44BBD90F1A01A8B4006D0CF6 /* chapter2.cpp */ = {isa = PBXFileReference; fileEncoding = 4; lastKnownFileType = sourcecode.cpp.cpp; path = chapter2.cpp; sourceTree = "<group>"; };
		44BBD9101A01A8B4006D0CF6 /* chapter2.h */ = {isa = PBXFileReference; fileEncoding = 4; lastKnownFileType = sourcecode.c.h; path = chapter2.h; sourceTree = "<group>"; };
		44BBD9121A0434FB006D0CF6 /* chapter3.cpp */ = {isa = PBXFileReference; fileEncoding = 4; lastKnownFileType = sourcecode.cpp.cpp; path = chapter3.cpp; sourceTree = "<group>"; };
		44BBD9131A0434FB006D0CF6 /* chapter3.h */ = {isa = PBXFileReference; fileEncoding = 4; lastKnownFileType = sourcecode.c.h; path = chapter3.h; sourceTree = "<group>"; };
		44BE3EE319FDDDF30026F488 /* list.cpp */ = {isa = PBXFileReference; fileEncoding = 4; lastKnownFileType = sourcecode.cpp.cpp; path = list.cpp; sourceTree = "<group>"; };
		44BE3EE419FDDDF30026F488 /* list.h */ = {isa = PBXFileReference; fileEncoding = 4; lastKnownFileType = sourcecode.c.h; path = list.h; sourceTree = "<group>"; };
		44F798171BD05DF70094ADD4 /* LargestWordRectangleFinder.cpp */ = {isa = PBXFileReference; fileEncoding = 4; lastKnownFileType = sourcecode.cpp.cpp; path = LargestWordRectangleFinder.cpp; sourceTree = "<group>"; };
		44F798181BD05DF70094ADD4 /* LargestWordRectangleFinder.hpp */ = {isa = PBXFileReference; fileEncoding = 4; lastKnownFileType = sourcecode.cpp.h; path = LargestWordRectangleFinder.hpp; sourceTree = "<group>"; };
		44F7981A1BD17CD20094ADD4 /* data */ = {isa = PBXFileReference; lastKnownFileType = folder; path = data; sourceTree = "<group>"; };
/* End PBXFileReference section */

/* Begin PBXFrameworksBuildPhase section */
		4473E08D19EDA9EE003DA3CB /* Frameworks */ = {
			isa = PBXFrameworksBuildPhase;
			buildActionMask = 2147483647;
			files = (
			);
			runOnlyForDeploymentPostprocessing = 0;
		};
/* End PBXFrameworksBuildPhase section */

/* Begin PBXGroup section */
		4473E08719EDA9EE003DA3CB = {
			isa = PBXGroup;
			children = (
				4473E09219EDA9EE003DA3CB /* CPP_Playground */,
				4473E09119EDA9EE003DA3CB /* Products */,
			);
			sourceTree = "<group>";
		};
		4473E09119EDA9EE003DA3CB /* Products */ = {
			isa = PBXGroup;
			children = (
				4473E09019EDA9EE003DA3CB /* CPP_Playground */,
			);
			name = Products;
			sourceTree = "<group>";
		};
		4473E09219EDA9EE003DA3CB /* CPP_Playground */ = {
			isa = PBXGroup;
			children = (
				44BE3EE319FDDDF30026F488 /* list.cpp */,
				44BE3EE419FDDDF30026F488 /* list.h */,
				4473E09319EDA9EE003DA3CB /* main.cpp */,
				4473E09A19EDAC8E003DA3CB /* reverse_string.c */,
				4473E09B19EDAC8E003DA3CB /* reverse_string.h */,
				4473E09D19F5866E003DA3CB /* escape_space_chars.cpp */,
				4473E09E19F5866E003DA3CB /* escape_space_chars.h */,
				4473E0A019F6BB73003DA3CB /* chars_all_unique.cpp */,
				4473E0A119F6BB73003DA3CB /* chars_all_unique.h */,
				4473E0A319F6C5B7003DA3CB /* is_permutation.cpp */,
				4473E0A419F6C5B7003DA3CB /* is_permutation.h */,
				4473E0A619F6E92B003DA3CB /* chapter1.h */,
				4473E0A719F6E9B2003DA3CB /* is_rotation.cpp */,
				4473E0A819F6E9B2003DA3CB /* is_rotation.h */,
				44A4406319F735E200EF6D3C /* naive_compression.cpp */,
				44A4406419F735E200EF6D3C /* naive_compression.h */,
				4499BE8A19F95190007C04BA /* rotate_image.cpp */,
				4499BE8B19F95190007C04BA /* rotate_image.h */,
				4499BE8D19F9CEEB007C04BA /* zeroify_matrix.cpp */,
				4499BE8E19F9CEEB007C04BA /* zeroify_matrix.h */,
				44BBD90D1A01A81B006D0CF6 /* chapter1.cpp */,
				44BBD90F1A01A8B4006D0CF6 /* chapter2.cpp */,
				44BBD9101A01A8B4006D0CF6 /* chapter2.h */,
				44BBD9121A0434FB006D0CF6 /* chapter3.cpp */,
				44BBD9131A0434FB006D0CF6 /* chapter3.h */,
				44F798171BD05DF70094ADD4 /* LargestWordRectangleFinder.cpp */,
				44F7981A1BD17CD20094ADD4 /* data */,
				44F798181BD05DF70094ADD4 /* LargestWordRectangleFinder.hpp */,
			);
			path = CPP_Playground;
			sourceTree = "<group>";
		};
/* End PBXGroup section */

/* Begin PBXNativeTarget section */
		4473E08F19EDA9EE003DA3CB /* CPP_Playground */ = {
			isa = PBXNativeTarget;
			buildConfigurationList = 4473E09719EDA9EE003DA3CB /* Build configuration list for PBXNativeTarget "CPP_Playground" */;
			buildPhases = (
				4473E08C19EDA9EE003DA3CB /* Sources */,
				4473E08D19EDA9EE003DA3CB /* Frameworks */,
				4473E08E19EDA9EE003DA3CB /* CopyFiles */,
			);
			buildRules = (
			);
			dependencies = (
			);
			name = CPP_Playground;
			productName = CPP_Playground;
			productReference = 4473E09019EDA9EE003DA3CB /* CPP_Playground */;
			productType = "com.apple.product-type.tool";
		};
/* End PBXNativeTarget section */

/* Begin PBXProject section */
		4473E08819EDA9EE003DA3CB /* Project object */ = {
			isa = PBXProject;
			attributes = {
				LastUpgradeCheck = 0700;
				ORGANIZATIONNAME = "Yevhen Yaremenko";
				TargetAttributes = {
					4473E08F19EDA9EE003DA3CB = {
						CreatedOnToolsVersion = 6.0.1;
					};
				};
			};
			buildConfigurationList = 4473E08B19EDA9EE003DA3CB /* Build configuration list for PBXProject "CPP_Playground" */;
			compatibilityVersion = "Xcode 3.2";
			developmentRegion = English;
			hasScannedForEncodings = 0;
			knownRegions = (
				en,
			);
			mainGroup = 4473E08719EDA9EE003DA3CB;
			productRefGroup = 4473E09119EDA9EE003DA3CB /* Products */;
			projectDirPath = "";
			projectRoot = "";
			targets = (
				4473E08F19EDA9EE003DA3CB /* CPP_Playground */,
			);
		};
/* End PBXProject section */

/* Begin PBXSourcesBuildPhase section */
		4473E08C19EDA9EE003DA3CB /* Sources */ = {
			isa = PBXSourcesBuildPhase;
			buildActionMask = 2147483647;
			files = (
				4473E0A219F6BB73003DA3CB /* chars_all_unique.cpp in Sources */,
				44BBD9141A0434FB006D0CF6 /* chapter3.cpp in Sources */,
				44F798191BD05DF70094ADD4 /* LargestWordRectangleFinder.cpp in Sources */,
				4473E0A919F6E9B2003DA3CB /* is_rotation.cpp in Sources */,
				4499BE8C19F95190007C04BA /* rotate_image.cpp in Sources */,
				44BBD90E1A01A81B006D0CF6 /* chapter1.cpp in Sources */,
				44BE3EE519FDDDF30026F488 /* list.cpp in Sources */,
				4473E09F19F5866E003DA3CB /* escape_space_chars.cpp in Sources */,
				4473E09419EDA9EE003DA3CB /* main.cpp in Sources */,
				4499BE8F19F9CEEB007C04BA /* zeroify_matrix.cpp in Sources */,
				4473E0A519F6C5B7003DA3CB /* is_permutation.cpp in Sources */,
				4473E09C19EDAC8E003DA3CB /* reverse_string.c in Sources */,
				44BBD9111A01A8B4006D0CF6 /* chapter2.cpp in Sources */,
				44A4406519F735E200EF6D3C /* naive_compression.cpp in Sources */,
			);
			runOnlyForDeploymentPostprocessing = 0;
		};
/* End PBXSourcesBuildPhase section */

/* Begin XCBuildConfiguration section */
		4473E09519EDA9EE003DA3CB /* Debug */ = {
			isa = XCBuildConfiguration;
			buildSettings = {
				ALWAYS_SEARCH_USER_PATHS = NO;
				CLANG_CXX_LANGUAGE_STANDARD = "gnu++14";
				CLANG_CXX_LIBRARY = "libc++";
				CLANG_ENABLE_MODULES = YES;
				CLANG_ENABLE_OBJC_ARC = NO;
				CLANG_WARN_BOOL_CONVERSION = YES;
				CLANG_WARN_CONSTANT_CONVERSION = YES;
				CLANG_WARN_DIRECT_OBJC_ISA_USAGE = YES_ERROR;
				CLANG_WARN_EMPTY_BODY = YES;
				CLANG_WARN_ENUM_CONVERSION = YES;
				CLANG_WARN_INT_CONVERSION = YES;
				CLANG_WARN_OBJC_ROOT_CLASS = YES_ERROR;
				CLANG_WARN_UNREACHABLE_CODE = YES;
				CLANG_WARN__DUPLICATE_METHOD_MATCH = YES;
				COPY_PHASE_STRIP = NO;
				DEPLOYMENT_LOCATION = NO;
				ENABLE_STRICT_OBJC_MSGSEND = YES;
				ENABLE_TESTABILITY = YES;
				GCC_C_LANGUAGE_STANDARD = c11;
				GCC_DYNAMIC_NO_PIC = NO;
				GCC_OPTIMIZATION_LEVEL = 0;
				GCC_PREPROCESSOR_DEFINITIONS = (
					"DEBUG=1",
					"$(inherited)",
				);
				GCC_SYMBOLS_PRIVATE_EXTERN = NO;
				GCC_WARN_64_TO_32_BIT_CONVERSION = YES;
				GCC_WARN_ABOUT_RETURN_TYPE = YES_ERROR;
				GCC_WARN_UNDECLARED_SELECTOR = YES;
				GCC_WARN_UNINITIALIZED_AUTOS = YES_AGGRESSIVE;
				GCC_WARN_UNUSED_FUNCTION = YES;
				GCC_WARN_UNUSED_VARIABLE = YES;
				MACOSX_DEPLOYMENT_TARGET = 10.9;
				MTL_ENABLE_DEBUG_INFO = YES;
				ONLY_ACTIVE_ARCH = YES;
				SDKROOT = macosx;
			};
			name = Debug;
		};
		4473E09619EDA9EE003DA3CB /* Release */ = {
			isa = XCBuildConfiguration;
			buildSettings = {
				ALWAYS_SEARCH_USER_PATHS = NO;
				CLANG_CXX_LANGUAGE_STANDARD = "gnu++14";
				CLANG_CXX_LIBRARY = "libc++";
				CLANG_ENABLE_MODULES = YES;
				CLANG_ENABLE_OBJC_ARC = NO;
				CLANG_WARN_BOOL_CONVERSION = YES;
				CLANG_WARN_CONSTANT_CONVERSION = YES;
				CLANG_WARN_DIRECT_OBJC_ISA_USAGE = YES_ERROR;
				CLANG_WARN_EMPTY_BODY = YES;
				CLANG_WARN_ENUM_CONVERSION = YES;
				CLANG_WARN_INT_CONVERSION = YES;
				CLANG_WARN_OBJC_ROOT_CLASS = YES_ERROR;
				CLANG_WARN_UNREACHABLE_CODE = YES;
				CLANG_WARN__DUPLICATE_METHOD_MATCH = YES;
				COPY_PHASE_STRIP = YES;
				DEBUG_INFORMATION_FORMAT = "dwarf-with-dsym";
				DEPLOYMENT_LOCATION = NO;
				ENABLE_NS_ASSERTIONS = NO;
				ENABLE_STRICT_OBJC_MSGSEND = YES;
				GCC_C_LANGUAGE_STANDARD = c11;
				GCC_WARN_64_TO_32_BIT_CONVERSION = YES;
				GCC_WARN_ABOUT_RETURN_TYPE = YES_ERROR;
				GCC_WARN_UNDECLARED_SELECTOR = YES;
				GCC_WARN_UNINITIALIZED_AUTOS = YES_AGGRESSIVE;
				GCC_WARN_UNUSED_FUNCTION = YES;
				GCC_WARN_UNUSED_VARIABLE = YES;
				MACOSX_DEPLOYMENT_TARGET = 10.9;
				MTL_ENABLE_DEBUG_INFO = NO;
				SDKROOT = macosx;
			};
			name = Release;
		};
		4473E09819EDA9EE003DA3CB /* Debug */ = {
			isa = XCBuildConfiguration;
			buildSettings = {
				PRODUCT_NAME = "$(TARGET_NAME)";
			};
			name = Debug;
		};
		4473E09919EDA9EE003DA3CB /* Release */ = {
			isa = XCBuildConfiguration;
			buildSettings = {
				PRODUCT_NAME = "$(TARGET_NAME)";
			};
			name = Release;
		};
/* End XCBuildConfiguration section */

/* Begin XCConfigurationList section */
		4473E08B19EDA9EE003DA3CB /* Build configuration list for PBXProject "CPP_Playground" */ = {
			isa = XCConfigurationList;
			buildConfigurations = (
				4473E09519EDA9EE003DA3CB /* Debug */,
				4473E09619EDA9EE003DA3CB /* Release */,
			);
			defaultConfigurationIsVisible = 0;
			defaultConfigurationName = Release;
		};
		4473E09719EDA9EE003DA3CB /* Build configuration list for PBXNativeTarget "CPP_Playground" */ = {
			isa = XCConfigurationList;
			buildConfigurations = (
				4473E09819EDA9EE003DA3CB /* Debug */,
				4473E09919EDA9EE003DA3CB /* Release */,
			);
			defaultConfigurationIsVisible = 0;
			defaultConfigurationName = Release;
		};
/* End XCConfigurationList section */
	};
	rootObject = 4473E08819EDA9EE003DA3CB /* Project object */;
}
